
Microsoft Visual Studio Solution File, Format Version 12.00
# Visual Studio Version 17
VisualStudioVersion = 17.4.33205.214
MinimumVisualStudioVersion = 10.0.40219.1
Project("{9A19103F-16F7-4668-BE54-9A1E7A4F7556}") = "CleanArchMvc.Domain", "CleanArchMvc.Domain\CleanArchMvc.Domain.csproj", "{5A473629-77E6-41A9-BD3F-E33A582924CB}"
EndProject
Project("{9A19103F-16F7-4668-BE54-9A1E7A4F7556}") = "CleanArchMvc.Application", "CleanArchMvc.Application\CleanArchMvc.Application.csproj", "{BCEBD69B-477B-40B6-B7C5-0BF6B20E0A71}"
EndProject
Project("{9A19103F-16F7-4668-BE54-9A1E7A4F7556}") = "CleanArchMvc.Infra.Data", "CleanArchMvc.Infra.Data\CleanArchMvc.Infra.Data.csproj", "{55049B7B-E3F4-4EF1-987D-8F251D5D8827}"
EndProject
Project("{9A19103F-16F7-4668-BE54-9A1E7A4F7556}") = "CleanArchMvc.Infra.IoC", "CleanArchMvc.Infra.IoC\CleanArchMvc.Infra.IoC.csproj", "{1EA31099-BB41-4ECD-B6A5-5B07F50E0AA7}"
EndProject
Project("{9A19103F-16F7-4668-BE54-9A1E7A4F7556}") = "CleanArchMvc.WebUI", "CleanArchMvc.WebUI\CleanArchMvc.WebUI.csproj", "{BF131772-7434-43C1-BA37-D33728487D60}"
EndProject
Project("{FAE04EC0-301F-11D3-BF4B-00C04F79EFBC}") = "CleanArchMvc.Domain.Tests", "CleanArchMvc.Domain.Tests\CleanArchMvc.Domain.Tests.csproj", "{538CDD5E-A8B4-483B-8B3C-E9ECFA19A198}"
EndProject
Global
	GlobalSection(SolutionConfigurationPlatforms) = preSolution
		Debug|Any CPU = Debug|Any CPU
		Release|Any CPU = Release|Any CPU
	EndGlobalSection
	GlobalSection(ProjectConfigurationPlatforms) = postSolution
		{5A473629-77E6-41A9-BD3F-E33A582924CB}.Debug|Any CPU.ActiveCfg = Debug|Any CPU
		{5A473629-77E6-41A9-BD3F-E33A582924CB}.Debug|Any CPU.Build.0 = Debug|Any CPU
		{5A473629-77E6-41A9-BD3F-E33A582924CB}.Release|Any CPU.ActiveCfg = Release|Any CPU
		{5A473629-77E6-41A9-BD3F-E33A582924CB}.Release|Any CPU.Build.0 = Release|Any CPU
		{BCEBD69B-477B-40B6-B7C5-0BF6B20E0A71}.Debug|Any CPU.ActiveCfg = Debug|Any CPU
		{BCEBD69B-477B-40B6-B7C5-0BF6B20E0A71}.Debug|Any CPU.Build.0 = Debug|Any CPU
		{BCEBD69B-477B-40B6-B7C5-0BF6B20E0A71}.Release|Any CPU.ActiveCfg = Release|Any CPU
		{BCEBD69B-477B-40B6-B7C5-0BF6B20E0A71}.Release|Any CPU.Build.0 = Release|Any CPU
		{55049B7B-E3F4-4EF1-987D-8F251D5D8827}.Debug|Any CPU.ActiveCfg = Debug|Any CPU
		{55049B7B-E3F4-4EF1-987D-8F251D5D8827}.Debug|Any CPU.Build.0 = Debug|Any CPU
		{55049B7B-E3F4-4EF1-987D-8F251D5D8827}.Release|Any CPU.ActiveCfg = Release|Any CPU
		{55049B7B-E3F4-4EF1-987D-8F251D5D8827}.Release|Any CPU.Build.0 = Release|Any CPU
		{1EA31099-BB41-4ECD-B6A5-5B07F50E0AA7}.Debug|Any CPU.ActiveCfg = Debug|Any CPU
		{1EA31099-BB41-4ECD-B6A5-5B07F50E0AA7}.Debug|Any CPU.Build.0 = Debug|Any CPU
		{1EA31099-BB41-4ECD-B6A5-5B07F50E0AA7}.Release|Any CPU.ActiveCfg = Release|Any CPU
		{1EA31099-BB41-4ECD-B6A5-5B07F50E0AA7}.Release|Any CPU.Build.0 = Release|Any CPU
		{BF131772-7434-43C1-BA37-D33728487D60}.Debug|Any CPU.ActiveCfg = Debug|Any CPU
		{BF131772-7434-43C1-BA37-D33728487D60}.Debug|Any CPU.Build.0 = Debug|Any CPU
		{BF131772-7434-43C1-BA37-D33728487D60}.Release|Any CPU.ActiveCfg = Release|Any CPU
		{BF131772-7434-43C1-BA37-D33728487D60}.Release|Any CPU.Build.0 = Release|Any CPU
		{538CDD5E-A8B4-483B-8B3C-E9ECFA19A198}.Debug|Any CPU.ActiveCfg = Debug|Any CPU
		{538CDD5E-A8B4-483B-8B3C-E9ECFA19A198}.Debug|Any CPU.Build.0 = Debug|Any CPU
		{538CDD5E-A8B4-483B-8B3C-E9ECFA19A198}.Release|Any CPU.ActiveCfg = Release|Any CPU
		{538CDD5E-A8B4-483B-8B3C-E9ECFA19A198}.Release|Any CPU.Build.0 = Release|Any CPU
	EndGlobalSection
	GlobalSection(SolutionProperties) = preSolution
		HideSolutionNode = FALSE
	EndGlobalSection
	GlobalSection(ExtensibilityGlobals) = postSolution
		SolutionGuid = {DE289081-A917-4D2D-A51E-A7E9DF0B8747}
	EndGlobalSection
EndGlobal
